{
  "originHash" : "97c0db2fd8ed1b04cb18d1b2f78302688ef4c8cf6455653adf2a4f48f17b1578",
  "pins" : [
    {
      "identity" : "fscalendar",
      "kind" : "remoteSourceControl",
      "location" : "https://github.com/WenchaoD/FSCalendar.git",
      "state" : {
        "revision" : "0fbdec5172fccb90f707472eeaea4ffe095278f6",
        "version" : "2.8.4"
      }
    },
    {
      "identity" : "lnpopupcontroller",
      "kind" : "remoteSourceControl",
      "location" : "https://github.com/LeoNatan/LNPopupController.git",
      "state" : {
        "revision" : "80fe14a5f38f117f81dbf7d583fe867f012fee8c",
        "version" : "2.20.7"
      }
    },
    {
      "identity" : "youtube-ios-player-helper",
      "kind" : "remoteSourceControl",
      "location" : "https://github.com/youtube/youtube-ios-player-helper",
      "state" : {
        "revision" : "f57129cd4380ec0a74dd3a59da3270a1d653d59b",
        "version" : "1.0.4"
      }
    }
  ],
  "version" : 3
}
