{
  "originHash" : "01f11977aff0fe6ab4c51cb375630ee989e08199cf64e7a11590c5d1f59a0ea0",
  "pins" : [
    {
      "identity" : "bson",
      "kind" : "remoteSourceControl",
      "location" : "https://github.com/orlandos-nl/BSON.git",
      "state" : {
        "revision" : "b40021921464def7d9ba81d27803a6df1ecd7f79",
        "version" : "8.1.5"
      }
    },
    {
      "identity" : "dnsclient",
      "kind" : "remoteSourceControl",
      "location" : "https://github.com/orlandos-nl/DNSClient.git",
      "state" : {
        "revision" : "9b3369164d89d37feb11bfa6405502367480fee1",
        "version" : "2.4.3"
      }
    },
    {
      "identity" : "fscalendar",
      "kind" : "remoteSourceControl",
      "location" : "https://github.com/WenchaoD/FSCalendar.git",
      "state" : {
        "revision" : "0fbdec5172fccb90f707472eeaea4ffe095278f6",
        "version" : "2.8.4"
      }
    },
    {
      "identity" : "mongokitten",
      "kind" : "remoteSourceControl",
      "location" : "https://github.com/orlandos-nl/MongoKitten",
      "state" : {
        "revision" : "d9a82f57e24018cfa47a4aa359b51e684040871a",
        "version" : "7.9.8"
      }
    },
    {
      "identity" : "swift-atomics",
      "kind" : "remoteSourceControl",
      "location" : "https://github.com/apple/swift-atomics.git",
      "state" : {
        "revision" : "cd142fd2f64be2100422d658e7411e39489da985",
        "version" : "1.2.0"
      }
    },
    {
      "identity" : "swift-collections",
      "kind" : "remoteSourceControl",
      "location" : "https://github.com/apple/swift-collections.git",
      "state" : {
        "revision" : "671108c96644956dddcd89dd59c203dcdb36cec7",
        "version" : "1.1.4"
      }
    },
    {
      "identity" : "swift-distributed-tracing",
      "kind" : "remoteSourceControl",
      "location" : "https://github.com/apple/swift-distributed-tracing.git",
      "state" : {
        "revision" : "a64a0abc2530f767af15dd88dda7f64d5f1ff9de",
        "version" : "1.2.0"
      }
    },
    {
      "identity" : "swift-log",
      "kind" : "remoteSourceControl",
      "location" : "https://github.com/apple/swift-log.git",
      "state" : {
        "revision" : "96a2f8a0fa41e9e09af4585e2724c4e825410b91",
        "version" : "1.6.2"
      }
    },
    {
      "identity" : "swift-metrics",
      "kind" : "remoteSourceControl",
      "location" : "https://github.com/apple/swift-metrics.git",
      "state" : {
        "revision" : "5e63558d12e0267782019f5dadfcae83a7d06e09",
        "version" : "2.5.1"
      }
    },
    {
      "identity" : "swift-nio",
      "kind" : "remoteSourceControl",
      "location" : "https://github.com/apple/swift-nio.git",
      "state" : {
        "revision" : "dff45738d84a53dbc8ee899c306b3a7227f54f89",
        "version" : "2.80.0"
      }
    },
    {
      "identity" : "swift-nio-ssl",
      "kind" : "remoteSourceControl",
      "location" : "https://github.com/apple/swift-nio-ssl.git",
      "state" : {
        "revision" : "b4a26ae126c4471d5f7a308ebf0dae78aeaef3b6",
        "version" : "2.29.1"
      }
    },
    {
      "identity" : "swift-nio-transport-services",
      "kind" : "remoteSourceControl",
      "location" : "https://github.com/apple/swift-nio-transport-services.git",
      "state" : {
        "revision" : "3c394067c08d1225ba8442e9cffb520ded417b64",
        "version" : "1.23.1"
      }
    },
    {
      "identity" : "swift-service-context",
      "kind" : "remoteSourceControl",
      "location" : "https://github.com/apple/swift-service-context.git",
      "state" : {
        "revision" : "8946c930cae601452149e45d31d8ddfac973c3c7",
        "version" : "1.2.0"
      }
    },
    {
      "identity" : "swift-system",
      "kind" : "remoteSourceControl",
      "location" : "https://github.com/apple/swift-system.git",
      "state" : {
        "revision" : "c8a44d836fe7913603e246acab7c528c2e780168",
        "version" : "1.4.0"
      }
    }
  ],
  "version" : 3
}
