// !$*UTF8*$!
{
	archiveVersion = 1;
	classes = {
	};
	objectVersion = 77;
	objects = {

/* Begin PBXBuildFile section */
		053290F42D40AEC000295E58 /* FSCalendar in Frameworks */ = {isa = PBXBuildFile; productRef = 053290F32D40AEC000295E58 /* FSCalendar */; };
		059FE8BE2E336E05001BCB05 /* WidgetKit.framework in Frameworks */ = {isa = PBXBuildFile; fileRef = 059FE8BD2E336E05001BCB05 /* WidgetKit.framework */; };
		059FE8C02E336E05001BCB05 /* SwiftUI.framework in Frameworks */ = {isa = PBXBuildFile; fileRef = 059FE8BF2E336E05001BCB05 /* SwiftUI.framework */; };
		059FE8F42E33838C001BCB05 /* RealmSwift in Frameworks */ = {isa = PBXBuildFile; productRef = 059FE8F32E33838C001BCB05 /* RealmSwift */; };
		05B4EFDE2E3A0B080022E5DF /* PregnancyTracker.appex in Embed Foundation Extensions */ = {isa = PBXBuildFile; fileRef = 059FE8BC2E336E05001BCB05 /* PregnancyTracker.appex */; settings = {ATTRIBUTES = (RemoveHeadersOnCopy, ); }; };
		05BAA2152D771882008C89DB /* LNPopupController in Embed Frameworks */ = {isa = PBXBuildFile; productRef = F5F1D6112D739C6A00F65BA7 /* LNPopupController */; settings = {ATTRIBUTES = (CodeSignOnCopy, ); }; };
		05E7F9672D37748E00F4D81E /* .swiftlint.yml in Resources */ = {isa = PBXBuildFile; fileRef = 05E7F9662D37748300F4D81E /* .swiftlint.yml */; };
		3A3E589E2E7A9DD5005BD5BC /* Watch.app in Embed Watch Content */ = {isa = PBXBuildFile; fileRef = 3A3E58942E7A9DD3005BD5BC /* Watch.app */; settings = {ATTRIBUTES = (RemoveHeadersOnCopy, ); }; };
		3A3E58CD2E7B2AF9005BD5BC /* RealmSwift in Frameworks */ = {isa = PBXBuildFile; productRef = 3A3E58CC2E7B2AF9005BD5BC /* RealmSwift */; };
		3A3E58CE2E7B2AF9005BD5BC /* RealmSwift in Embed Frameworks */ = {isa = PBXBuildFile; productRef = 3A3E58CC2E7B2AF9005BD5BC /* RealmSwift */; settings = {ATTRIBUTES = (CodeSignOnCopy, ); }; };
		3A3E58D12E7B2B15005BD5BC /* SwiftUI.framework in Frameworks */ = {isa = PBXBuildFile; fileRef = 3A3E58D02E7B2B15005BD5BC /* SwiftUI.framework */; };
		3A3E635E2E7D462D005BD5BC /* ActivityKit.framework in Frameworks */ = {isa = PBXBuildFile; fileRef = 3A3E635D2E7D462D005BD5BC /* ActivityKit.framework */; };
		3A3E635F2E7D46BA005BD5BC /* ActivityKit.framework in Frameworks */ = {isa = PBXBuildFile; fileRef = 3A3E635D2E7D462D005BD5BC /* ActivityKit.framework */; };
		3A3E636D2E7D4CAE005BD5BC /* Intents.appex in Embed ExtensionKit Extensions */ = {isa = PBXBuildFile; fileRef = 3A3E63642E7D4CAD005BD5BC /* Intents.appex */; settings = {ATTRIBUTES = (RemoveHeadersOnCopy, ); }; };
		3A3E637C2E7D5059005BD5BC /* RealmSwift in Frameworks */ = {isa = PBXBuildFile; productRef = 3A3E637B2E7D5059005BD5BC /* RealmSwift */; };
		3A3E637D2E7D5059005BD5BC /* RealmSwift in Embed Frameworks */ = {isa = PBXBuildFile; productRef = 3A3E637B2E7D5059005BD5BC /* RealmSwift */; settings = {ATTRIBUTES = (CodeSignOnCopy, ); }; };
		F59454F42DEDACAA00002917 /* RealmSwift in Frameworks */ = {isa = PBXBuildFile; productRef = F59454F32DEDACAA00002917 /* RealmSwift */; };
		F59454F52DEDACAA00002917 /* RealmSwift in Embed Frameworks */ = {isa = PBXBuildFile; productRef = F59454F32DEDACAA00002917 /* RealmSwift */; settings = {ATTRIBUTES = (CodeSignOnCopy, ); }; };
		F5F1D6122D739C6A00F65BA7 /* LNPopupController in Frameworks */ = {isa = PBXBuildFile; productRef = F5F1D6112D739C6A00F65BA7 /* LNPopupController */; };
/* End PBXBuildFile section */

/* Begin PBXContainerItemProxy section */
		05B4EFDF2E3A0B080022E5DF /* PBXContainerItemProxy */ = {
			isa = PBXContainerItemProxy;
			containerPortal = 059C46752D30D12400B4A15A /* Project object */;
			proxyType = 1;
			remoteGlobalIDString = 059FE8BB2E336E05001BCB05;
			remoteInfo = PregnancyTracker;
		};
		3A3E589C2E7A9DD5005BD5BC /* PBXContainerItemProxy */ = {
			isa = PBXContainerItemProxy;
			containerPortal = 059C46752D30D12400B4A15A /* Project object */;
			proxyType = 1;
			remoteGlobalIDString = 3A3E58932E7A9DD3005BD5BC;
			remoteInfo = "MomCare+ Watch Watch App";
		};
		3A3E636B2E7D4CAE005BD5BC /* PBXContainerItemProxy */ = {
			isa = PBXContainerItemProxy;
			containerPortal = 059C46752D30D12400B4A15A /* Project object */;
			proxyType = 1;
			remoteGlobalIDString = 3A3E63632E7D4CAD005BD5BC;
			remoteInfo = Intents;
		};
/* End PBXContainerItemProxy section */

/* Begin PBXCopyFilesBuildPhase section */
		059FE8F62E33838C001BCB05 /* Embed Frameworks */ = {
			isa = PBXCopyFilesBuildPhase;
			buildActionMask = 2147483647;
			dstPath = "";
			dstSubfolderSpec = 10;
			files = (
			);
			name = "Embed Frameworks";
			runOnlyForDeploymentPostprocessing = 0;
		};
		05B4EFE12E3A0B080022E5DF /* Embed Foundation Extensions */ = {
			isa = PBXCopyFilesBuildPhase;
			buildActionMask = 2147483647;
			dstPath = "";
			dstSubfolderSpec = 13;
			files = (
				05B4EFDE2E3A0B080022E5DF /* PregnancyTracker.appex in Embed Foundation Extensions */,
			);
			name = "Embed Foundation Extensions";
			runOnlyForDeploymentPostprocessing = 0;
		};
		05BAA2162D771882008C89DB /* Embed Frameworks */ = {
			isa = PBXCopyFilesBuildPhase;
			buildActionMask = 2147483647;
			dstPath = "";
			dstSubfolderSpec = 10;
			files = (
				F59454F52DEDACAA00002917 /* RealmSwift in Embed Frameworks */,
				05BAA2152D771882008C89DB /* LNPopupController in Embed Frameworks */,
			);
			name = "Embed Frameworks";
			runOnlyForDeploymentPostprocessing = 0;
		};
		3A3E58A22E7A9DD5005BD5BC /* Embed Watch Content */ = {
			isa = PBXCopyFilesBuildPhase;
			buildActionMask = 2147483647;
			dstPath = "$(CONTENTS_FOLDER_PATH)/Watch";
			dstSubfolderSpec = 16;
			files = (
				3A3E589E2E7A9DD5005BD5BC /* Watch.app in Embed Watch Content */,
			);
			name = "Embed Watch Content";
			runOnlyForDeploymentPostprocessing = 0;
		};
		3A3E58CF2E7B2AFA005BD5BC /* Embed Frameworks */ = {
			isa = PBXCopyFilesBuildPhase;
			buildActionMask = 2147483647;
			dstPath = "";
			dstSubfolderSpec = 10;
			files = (
				3A3E58CE2E7B2AF9005BD5BC /* RealmSwift in Embed Frameworks */,
			);
			name = "Embed Frameworks";
			runOnlyForDeploymentPostprocessing = 0;
		};
		3A3E63722E7D4CAE005BD5BC /* Embed ExtensionKit Extensions */ = {
			isa = PBXCopyFilesBuildPhase;
			buildActionMask = 2147483647;
			dstPath = "$(EXTENSIONS_FOLDER_PATH)";
			dstSubfolderSpec = 16;
			files = (
				3A3E636D2E7D4CAE005BD5BC /* Intents.appex in Embed ExtensionKit Extensions */,
			);
			name = "Embed ExtensionKit Extensions";
			runOnlyForDeploymentPostprocessing = 0;
		};
		3A3E637E2E7D5059005BD5BC /* Embed Frameworks */ = {
			isa = PBXCopyFilesBuildPhase;
			buildActionMask = 2147483647;
			dstPath = "";
			dstSubfolderSpec = 10;
			files = (
				3A3E637D2E7D5059005BD5BC /* RealmSwift in Embed Frameworks */,
			);
			name = "Embed Frameworks";
			runOnlyForDeploymentPostprocessing = 0;
		};
/* End PBXCopyFilesBuildPhase section */

/* Begin PBXFileReference section */
		059C467D2D30D12400B4A15A /* MomCare.app */ = {isa = PBXFileReference; explicitFileType = wrapper.application; includeInIndex = 0; path = MomCare.app; sourceTree = BUILT_PRODUCTS_DIR; };
		059FE8BC2E336E05001BCB05 /* PregnancyTracker.appex */ = {isa = PBXFileReference; explicitFileType = "wrapper.app-extension"; includeInIndex = 0; path = PregnancyTracker.appex; sourceTree = BUILT_PRODUCTS_DIR; };
		059FE8BD2E336E05001BCB05 /* WidgetKit.framework */ = {isa = PBXFileReference; lastKnownFileType = wrapper.framework; name = WidgetKit.framework; path = System/Library/Frameworks/WidgetKit.framework; sourceTree = SDKROOT; };
		059FE8BF2E336E05001BCB05 /* SwiftUI.framework */ = {isa = PBXFileReference; lastKnownFileType = wrapper.framework; name = SwiftUI.framework; path = System/Library/Frameworks/SwiftUI.framework; sourceTree = SDKROOT; };
		05E7F9662D37748300F4D81E /* .swiftlint.yml */ = {isa = PBXFileReference; lastKnownFileType = text.yaml; path = .swiftlint.yml; sourceTree = "<group>"; };
		3A3E58942E7A9DD3005BD5BC /* Watch.app */ = {isa = PBXFileReference; explicitFileType = wrapper.application; includeInIndex = 0; path = Watch.app; sourceTree = BUILT_PRODUCTS_DIR; };
		3A3E58D02E7B2B15005BD5BC /* SwiftUI.framework */ = {isa = PBXFileReference; lastKnownFileType = wrapper.framework; name = SwiftUI.framework; path = Platforms/WatchOS.platform/Developer/SDKs/WatchOS11.5.sdk/System/Library/Frameworks/SwiftUI.framework; sourceTree = DEVELOPER_DIR; };
		3A3E635D2E7D462D005BD5BC /* ActivityKit.framework */ = {isa = PBXFileReference; lastKnownFileType = wrapper.framework; name = ActivityKit.framework; path = System/Library/Frameworks/ActivityKit.framework; sourceTree = SDKROOT; };
		3A3E63642E7D4CAD005BD5BC /* Intents.appex */ = {isa = PBXFileReference; explicitFileType = "wrapper.extensionkit-extension"; includeInIndex = 0; path = Intents.appex; sourceTree = BUILT_PRODUCTS_DIR; };
/* End PBXFileReference section */

/* Begin PBXFileSystemSynchronizedBuildFileExceptionSet section */
		059C468F2D30D12500B4A15A /* Exceptions for "MomCare" folder in "MomCare" target */ = {
			isa = PBXFileSystemSynchronizedBuildFileExceptionSet;
			membershipExceptions = (
				Info.plist,
			);
			target = 059C467C2D30D12400B4A15A /* MomCare */;
		};
		059FE8CF2E336E07001BCB05 /* Exceptions for "MomCare+PregnancyTracker" folder in "PregnancyTracker" target */ = {
			isa = PBXFileSystemSynchronizedBuildFileExceptionSet;
			membershipExceptions = (
				Info.plist,
			);
			target = 059FE8BB2E336E05001BCB05 /* PregnancyTracker */;
		};
		059FE8DC2E3381FB001BCB05 /* Exceptions for "MomCare" folder in "PregnancyTracker" target */ = {
			isa = PBXFileSystemSynchronizedBuildFileExceptionSet;
			membershipExceptions = (
				Common/CacheHandler/CacheHandler.swift,
				"Common/CacheHandler/CacheHandler+Image.swift",
				Common/DataControllers/ContentHandler.swift,
				"Common/DataControllers/ContentHandler+DataTransferObjects.swift",
				Common/DataControllers/Endpoint.swift,
				Common/DataControllers/MomCareUser/MomCareUser.swift,
				"Common/DataControllers/MomCareUser/MomCareUser+DataTransferObjects.swift",
				"Common/DataControllers/MomCareUser/MomCareUser+UserHandler.swift",
				Common/DataControllers/NetworkManager.swift,
				Common/EventKitHandler/EventKitHandler.swift,
				"Common/EventKitHandler/EventKitHandler+Symptom.swift",
				"Common/EventKitHandler/EventKitHandler+UI.swift",
				"Common/Extensions/Array+Subscript.swift",
				"Common/Extensions/Color+Hex.swift",
				"Common/Extensions/Data+Decoding.swift",
				"Common/Extensions/Date+Relative.swift",
				"Common/Extensions/Encodable+Serialization.swift",
				"Common/Extensions/String+Serialization.swift",
				"Common/Extensions/String+Validation.swift",
				"Common/Extensions/UIButton+Loading.swift",
				"Common/Extensions/UIColor+Hex.swift",
				"Common/Extensions/UIImage+Utils.swift",
				"Common/Extensions/UIView+Shimmer.swift",
				Common/HealthKitHandler/HealthKitHandler.swift,
				"Common/HealthKitHandler/HealthKitHandler+Async.swift",
				"Common/HealthKitHandler/HealthKitHandler+Reader.swift",
				Common/MultipeerHandler/MultipeerHandler.swift,
				"Common/MultipeerHandler/MultipeerHandler+Advertiser.swift",
				"Common/MultipeerHandler/MultipeerHandler+Browser.swift",
				Common/MusicPlayerHandler.swift,
				Common/Utils.swift,
				Common/WatchConnector.swift,
				DataModels/Global/AppContent.swift,
				DataModels/Global/PregnancySymptoms.swift,
				DataModels/Global/ProfileDisclaimerData.swift,
				DataModels/Global/StaticData.swift,
				DataModels/Global/TriTrackData.swift,
				DataModels/Internal/Entity.swift,
				DataModels/Moodnest.swift,
				DataModels/MyPlan.swift,
				DataModels/TriTrackModel.swift,
				DataModels/UserModel.swift,
			);
			target = 059FE8BB2E336E05001BCB05 /* PregnancyTracker */;
		};
		059FE9022E339B8E001BCB05 /* Exceptions for "MomCare+PregnancyTracker" folder in "MomCare" target */ = {
			isa = PBXFileSystemSynchronizedBuildFileExceptionSet;
			membershipExceptions = (
				Common/SharedResourceSync.swift,
			);
			target = 059C467C2D30D12400B4A15A /* MomCare */;
		};
		3A3E58B42E7ADD2F005BD5BC /* Exceptions for "MomCare" folder in "Watch" target */ = {
			isa = PBXFileSystemSynchronizedBuildFileExceptionSet;
			membershipExceptions = (
				Common/CacheHandler/CacheHandler.swift,
				"Common/CacheHandler/CacheHandler+Image.swift",
				Common/DataControllers/ContentHandler.swift,
				"Common/DataControllers/ContentHandler+DataTransferObjects.swift",
				Common/DataControllers/Endpoint.swift,
				Common/DataControllers/MomCareUser/MomCareUser.swift,
				"Common/DataControllers/MomCareUser/MomCareUser+DataTransferObjects.swift",
				"Common/DataControllers/MomCareUser/MomCareUser+UserHandler.swift",
				Common/DataControllers/NetworkManager.swift,
				Common/EventKitHandler/EventKitHandler.swift,
				"Common/EventKitHandler/EventKitHandler+Symptom.swift",
				"Common/EventKitHandler/EventKitHandler+UI.swift",
				"Common/Extensions/Array+Subscript.swift",
				"Common/Extensions/Color+Hex.swift",
				"Common/Extensions/Data+Decoding.swift",
				"Common/Extensions/Date+Relative.swift",
				"Common/Extensions/Encodable+Serialization.swift",
				"Common/Extensions/String+Serialization.swift",
				"Common/Extensions/String+Validation.swift",
				"Common/Extensions/UIButton+Loading.swift",
				"Common/Extensions/UIColor+Hex.swift",
				"Common/Extensions/UIImage+Utils.swift",
				Common/HealthKitHandler/HealthKitHandler.swift,
				"Common/HealthKitHandler/HealthKitHandler+Async.swift",
				"Common/HealthKitHandler/HealthKitHandler+Reader.swift",
				Common/Utils.swift,
				Common/WatchConnector.swift,
				DataModels/Global/AppContent.swift,
				DataModels/Global/PregnancySymptoms.swift,
				DataModels/Global/ProfileDisclaimerData.swift,
				DataModels/Global/StaticData.swift,
				DataModels/Global/TriTrackData.swift,
				DataModels/Internal/Entity.swift,
				DataModels/Moodnest.swift,
				DataModels/MyPlan.swift,
				DataModels/TriTrackModel.swift,
				DataModels/UserModel.swift,
			);
			target = 3A3E58932E7A9DD3005BD5BC /* Watch */;
		};
		3A3E63712E7D4CAE005BD5BC /* Exceptions for "MomCare+Intents" folder in "Intents" target */ = {
			isa = PBXFileSystemSynchronizedBuildFileExceptionSet;
			membershipExceptions = (
				Info.plist,
			);
			target = 3A3E63632E7D4CAD005BD5BC /* Intents */;
		};
		3A3E63772E7D4EB3005BD5BC /* Exceptions for "MomCare" folder in "Intents" target */ = {
			isa = PBXFileSystemSynchronizedBuildFileExceptionSet;
			membershipExceptions = (
				Common/CacheHandler/CacheHandler.swift,
				"Common/CacheHandler/CacheHandler+Image.swift",
				Common/DataControllers/ContentHandler.swift,
				"Common/DataControllers/ContentHandler+DataTransferObjects.swift",
				Common/DataControllers/Endpoint.swift,
				Common/DataControllers/MomCareUser/MomCareUser.swift,
				"Common/DataControllers/MomCareUser/MomCareUser+DataTransferObjects.swift",
				"Common/DataControllers/MomCareUser/MomCareUser+UserHandler.swift",
				Common/DataControllers/NetworkManager.swift,
				Common/EventKitHandler/EventKitHandler.swift,
				"Common/EventKitHandler/EventKitHandler+Symptom.swift",
				"Common/EventKitHandler/EventKitHandler+UI.swift",
				"Common/Extensions/Array+Subscript.swift",
				"Common/Extensions/Color+Hex.swift",
				"Common/Extensions/Data+Decoding.swift",
				"Common/Extensions/Date+Relative.swift",
				"Common/Extensions/Encodable+Serialization.swift",
				"Common/Extensions/String+Serialization.swift",
				"Common/Extensions/String+Validation.swift",
				"Common/Extensions/UIColor+Hex.swift",
				"Common/Extensions/UIImage+Utils.swift",
				Common/HealthKitHandler/HealthKitHandler.swift,
				"Common/HealthKitHandler/HealthKitHandler+Async.swift",
				"Common/HealthKitHandler/HealthKitHandler+Reader.swift",
				Common/Utils.swift,
				Common/WatchConnector.swift,
				DataModels/Global/AppContent.swift,
				DataModels/Global/PregnancySymptoms.swift,
				DataModels/Global/ProfileDisclaimerData.swift,
				DataModels/Global/StaticData.swift,
				DataModels/Global/TriTrackData.swift,
				DataModels/Internal/Entity.swift,
				DataModels/Moodnest.swift,
				DataModels/MyPlan.swift,
				DataModels/TriTrackModel.swift,
				DataModels/UserModel.swift,
			);
			target = 3A3E63632E7D4CAD005BD5BC /* Intents */;
		};
/* End PBXFileSystemSynchronizedBuildFileExceptionSet section */

/* Begin PBXFileSystemSynchronizedRootGroup section */
		059C467F2D30D12400B4A15A /* MomCare */ = {
			isa = PBXFileSystemSynchronizedRootGroup;
			exceptions = (
				059C468F2D30D12500B4A15A /* Exceptions for "MomCare" folder in "MomCare" target */,
				059FE8DC2E3381FB001BCB05 /* Exceptions for "MomCare" folder in "PregnancyTracker" target */,
				3A3E58B42E7ADD2F005BD5BC /* Exceptions for "MomCare" folder in "Watch" target */,
				3A3E63772E7D4EB3005BD5BC /* Exceptions for "MomCare" folder in "Intents" target */,
			);
			path = MomCare;
			sourceTree = "<group>";
		};
		059FE8C12E336E05001BCB05 /* MomCare+PregnancyTracker */ = {
			isa = PBXFileSystemSynchronizedRootGroup;
			exceptions = (
				059FE9022E339B8E001BCB05 /* Exceptions for "MomCare+PregnancyTracker" folder in "MomCare" target */,
				059FE8CF2E336E07001BCB05 /* Exceptions for "MomCare+PregnancyTracker" folder in "PregnancyTracker" target */,
			);
			path = "MomCare+PregnancyTracker";
			sourceTree = "<group>";
		};
		05E7F8CB2D376B8200F4D81E /* .github */ = {
			isa = PBXFileSystemSynchronizedRootGroup;
			path = .github;
			sourceTree = "<group>";
		};
		3A3E58952E7A9DD3005BD5BC /* MomCare+Watch */ = {
			isa = PBXFileSystemSynchronizedRootGroup;
			path = "MomCare+Watch";
			sourceTree = "<group>";
		};
		3A3E63652E7D4CAD005BD5BC /* MomCare+Intents */ = {
			isa = PBXFileSystemSynchronizedRootGroup;
			exceptions = (
				3A3E63712E7D4CAE005BD5BC /* Exceptions for "MomCare+Intents" folder in "Intents" target */,
			);
			path = "MomCare+Intents";
			sourceTree = "<group>";
		};
/* End PBXFileSystemSynchronizedRootGroup section */

/* Begin PBXFrameworksBuildPhase section */
		059C467A2D30D12400B4A15A /* Frameworks */ = {
			isa = PBXFrameworksBuildPhase;
			buildActionMask = 2147483647;
			files = (
				F59454F42DEDACAA00002917 /* RealmSwift in Frameworks */,
				053290F42D40AEC000295E58 /* FSCalendar in Frameworks */,
				3A3E635F2E7D46BA005BD5BC /* ActivityKit.framework in Frameworks */,
				F5F1D6122D739C6A00F65BA7 /* LNPopupController in Frameworks */,
			);
			runOnlyForDeploymentPostprocessing = 0;
		};
		059FE8B92E336E05001BCB05 /* Frameworks */ = {
			isa = PBXFrameworksBuildPhase;
			buildActionMask = 2147483647;
			files = (
				059FE8F42E33838C001BCB05 /* RealmSwift in Frameworks */,
				059FE8C02E336E05001BCB05 /* SwiftUI.framework in Frameworks */,
				3A3E635E2E7D462D005BD5BC /* ActivityKit.framework in Frameworks */,
				059FE8BE2E336E05001BCB05 /* WidgetKit.framework in Frameworks */,
			);
			runOnlyForDeploymentPostprocessing = 0;
		};
		3A3E58912E7A9DD3005BD5BC /* Frameworks */ = {
			isa = PBXFrameworksBuildPhase;
			buildActionMask = 2147483647;
			files = (
				3A3E58D12E7B2B15005BD5BC /* SwiftUI.framework in Frameworks */,
				3A3E58CD2E7B2AF9005BD5BC /* RealmSwift in Frameworks */,
			);
			runOnlyForDeploymentPostprocessing = 0;
		};
		3A3E63612E7D4CAD005BD5BC /* Frameworks */ = {
			isa = PBXFrameworksBuildPhase;
			buildActionMask = 2147483647;
			files = (
				3A3E637C2E7D5059005BD5BC /* RealmSwift in Frameworks */,
			);
			runOnlyForDeploymentPostprocessing = 0;
		};
/* End PBXFrameworksBuildPhase section */

/* Begin PBXGroup section */
		059C46742D30D12400B4A15A = {
			isa = PBXGroup;
			children = (
				05E7F9662D37748300F4D81E /* .swiftlint.yml */,
				05E7F8CB2D376B8200F4D81E /* .github */,
				059C467F2D30D12400B4A15A /* MomCare */,
				059FE8C12E336E05001BCB05 /* MomCare+PregnancyTracker */,
				3A3E58952E7A9DD3005BD5BC /* MomCare+Watch */,
				3A3E63652E7D4CAD005BD5BC /* MomCare+Intents */,
				F59454F22DEDACAA00002917 /* Frameworks */,
				059C467E2D30D12400B4A15A /* Products */,
			);
			sourceTree = "<group>";
		};
		059C467E2D30D12400B4A15A /* Products */ = {
			isa = PBXGroup;
			children = (
				059C467D2D30D12400B4A15A /* MomCare.app */,
				059FE8BC2E336E05001BCB05 /* PregnancyTracker.appex */,
				3A3E58942E7A9DD3005BD5BC /* Watch.app */,
				3A3E63642E7D4CAD005BD5BC /* Intents.appex */,
			);
			name = Products;
			sourceTree = "<group>";
		};
		F59454F22DEDACAA00002917 /* Frameworks */ = {
			isa = PBXGroup;
			children = (
				3A3E635D2E7D462D005BD5BC /* ActivityKit.framework */,
				3A3E58D02E7B2B15005BD5BC /* SwiftUI.framework */,
				059FE8BD2E336E05001BCB05 /* WidgetKit.framework */,
				059FE8BF2E336E05001BCB05 /* SwiftUI.framework */,
			);
			name = Frameworks;
			sourceTree = "<group>";
		};
/* End PBXGroup section */

/* Begin PBXNativeTarget section */
		059C467C2D30D12400B4A15A /* MomCare */ = {
			isa = PBXNativeTarget;
			buildConfigurationList = 059C46902D30D12500B4A15A /* Build configuration list for PBXNativeTarget "MomCare" */;
			buildPhases = (
				059C46792D30D12400B4A15A /* Sources */,
				059C467A2D30D12400B4A15A /* Frameworks */,
				059C467B2D30D12400B4A15A /* Resources */,
				05BAA2162D771882008C89DB /* Embed Frameworks */,
				05B4EFE12E3A0B080022E5DF /* Embed Foundation Extensions */,
				3A3E58A22E7A9DD5005BD5BC /* Embed Watch Content */,
				3A3E63722E7D4CAE005BD5BC /* Embed ExtensionKit Extensions */,
				3A3E5AD42E7BBC08005BD5BC /* ShellScript */,
			);
			buildRules = (
			);
			dependencies = (
				05B4EFE02E3A0B080022E5DF /* PBXTargetDependency */,
				3A3E589D2E7A9DD5005BD5BC /* PBXTargetDependency */,
				3A3E636C2E7D4CAE005BD5BC /* PBXTargetDependency */,
			);
			fileSystemSynchronizedGroups = (
				059C467F2D30D12400B4A15A /* MomCare */,
				05E7F8CB2D376B8200F4D81E /* .github */,
			);
			name = MomCare;
			packageProductDependencies = (
				053290F32D40AEC000295E58 /* FSCalendar */,
				F5F1D6112D739C6A00F65BA7 /* LNPopupController */,
				F59454F32DEDACAA00002917 /* RealmSwift */,
			);
			productName = MomCare;
			productReference = 059C467D2D30D12400B4A15A /* MomCare.app */;
			productType = "com.apple.product-type.application";
		};
		059FE8BB2E336E05001BCB05 /* PregnancyTracker */ = {
			isa = PBXNativeTarget;
			buildConfigurationList = 059FE8CC2E336E07001BCB05 /* Build configuration list for PBXNativeTarget "PregnancyTracker" */;
			buildPhases = (
				059FE8B82E336E05001BCB05 /* Sources */,
				059FE8B92E336E05001BCB05 /* Frameworks */,
				059FE8BA2E336E05001BCB05 /* Resources */,
				059FE8F62E33838C001BCB05 /* Embed Frameworks */,
			);
			buildRules = (
			);
			dependencies = (
			);
			fileSystemSynchronizedGroups = (
				059FE8C12E336E05001BCB05 /* MomCare+PregnancyTracker */,
			);
			name = PregnancyTracker;
			packageProductDependencies = (
				059FE8F32E33838C001BCB05 /* RealmSwift */,
			);
			productName = PregnancyTrackerExtension;
			productReference = 059FE8BC2E336E05001BCB05 /* PregnancyTracker.appex */;
			productType = "com.apple.product-type.app-extension";
		};
		3A3E58932E7A9DD3005BD5BC /* Watch */ = {
			isa = PBXNativeTarget;
			buildConfigurationList = 3A3E589F2E7A9DD5005BD5BC /* Build configuration list for PBXNativeTarget "Watch" */;
			buildPhases = (
				3A3E58902E7A9DD3005BD5BC /* Sources */,
				3A3E58912E7A9DD3005BD5BC /* Frameworks */,
				3A3E58922E7A9DD3005BD5BC /* Resources */,
				3A3E58CF2E7B2AFA005BD5BC /* Embed Frameworks */,
			);
			buildRules = (
			);
			dependencies = (
			);
			fileSystemSynchronizedGroups = (
				3A3E58952E7A9DD3005BD5BC /* MomCare+Watch */,
			);
			name = Watch;
			packageProductDependencies = (
				3A3E58CC2E7B2AF9005BD5BC /* RealmSwift */,
			);
			productName = "MomCare+ Watch Watch App";
			productReference = 3A3E58942E7A9DD3005BD5BC /* Watch.app */;
			productType = "com.apple.product-type.application";
		};
		3A3E63632E7D4CAD005BD5BC /* Intents */ = {
			isa = PBXNativeTarget;
			buildConfigurationList = 3A3E636E2E7D4CAE005BD5BC /* Build configuration list for PBXNativeTarget "Intents" */;
			buildPhases = (
				3A3E63602E7D4CAD005BD5BC /* Sources */,
				3A3E63612E7D4CAD005BD5BC /* Frameworks */,
				3A3E63622E7D4CAD005BD5BC /* Resources */,
				3A3E637E2E7D5059005BD5BC /* Embed Frameworks */,
			);
			buildRules = (
			);
			dependencies = (
			);
			fileSystemSynchronizedGroups = (
				3A3E63652E7D4CAD005BD5BC /* MomCare+Intents */,
			);
			name = Intents;
			packageProductDependencies = (
				3A3E637B2E7D5059005BD5BC /* RealmSwift */,
			);
			productName = Intents;
			productReference = 3A3E63642E7D4CAD005BD5BC /* Intents.appex */;
			productType = "com.apple.product-type.extensionkit-extension";
		};
/* End PBXNativeTarget section */

/* Begin PBXProject section */
		059C46752D30D12400B4A15A /* Project object */ = {
			isa = PBXProject;
			attributes = {
				BuildIndependentTargetsInParallel = 1;
				LastSwiftUpdateCheck = 1640;
				LastUpgradeCheck = 2600;
				TargetAttributes = {
					059C467C2D30D12400B4A15A = {
						CreatedOnToolsVersion = 16.1;
					};
					059FE8BB2E336E05001BCB05 = {
						CreatedOnToolsVersion = 16.4;
					};
					3A3E58932E7A9DD3005BD5BC = {
						CreatedOnToolsVersion = 16.4;
					};
					3A3E63632E7D4CAD005BD5BC = {
						CreatedOnToolsVersion = 16.4;
					};
				};
			};
			buildConfigurationList = 059C46782D30D12400B4A15A /* Build configuration list for PBXProject "MomCare" */;
			developmentRegion = en;
			hasScannedForEncodings = 0;
			knownRegions = (
				en,
				Base,
			);
			mainGroup = 059C46742D30D12400B4A15A;
			minimizedProjectReferenceProxies = 1;
			packageReferences = (
				053290F22D40AEC000295E58 /* XCRemoteSwiftPackageReference "FSCalendar" */,
				F5F1D6102D739C6A00F65BA7 /* XCRemoteSwiftPackageReference "LNPopupController" */,
				F5AF1ECD2DE91021008B14F1 /* XCRemoteSwiftPackageReference "realm-swift" */,
			);
			preferredProjectObjectVersion = 77;
			productRefGroup = 059C467E2D30D12400B4A15A /* Products */;
			projectDirPath = "";
			projectRoot = "";
			targets = (
				059C467C2D30D12400B4A15A /* MomCare */,
				059FE8BB2E336E05001BCB05 /* PregnancyTracker */,
				3A3E58932E7A9DD3005BD5BC /* Watch */,
				3A3E63632E7D4CAD005BD5BC /* Intents */,
			);
		};
/* End PBXProject section */

/* Begin PBXResourcesBuildPhase section */
		059C467B2D30D12400B4A15A /* Resources */ = {
			isa = PBXResourcesBuildPhase;
			buildActionMask = 2147483647;
			files = (
				05E7F9672D37748E00F4D81E /* .swiftlint.yml in Resources */,
			);
			runOnlyForDeploymentPostprocessing = 0;
		};
		059FE8BA2E336E05001BCB05 /* Resources */ = {
			isa = PBXResourcesBuildPhase;
			buildActionMask = 2147483647;
			files = (
			);
			runOnlyForDeploymentPostprocessing = 0;
		};
		3A3E58922E7A9DD3005BD5BC /* Resources */ = {
			isa = PBXResourcesBuildPhase;
			buildActionMask = 2147483647;
			files = (
			);
			runOnlyForDeploymentPostprocessing = 0;
		};
		3A3E63622E7D4CAD005BD5BC /* Resources */ = {
			isa = PBXResourcesBuildPhase;
			buildActionMask = 2147483647;
			files = (
			);
			runOnlyForDeploymentPostprocessing = 0;
		};
/* End PBXResourcesBuildPhase section */

/* Begin PBXShellScriptBuildPhase section */
		3A3E5AD42E7BBC08005BD5BC /* ShellScript */ = {
			isa = PBXShellScriptBuildPhase;
			alwaysOutOfDate = 1;
			buildActionMask = 2147483647;
			files = (
			);
			inputFileListPaths = (
			);
			inputPaths = (
			);
			outputFileListPaths = (
			);
			outputPaths = (
			);
			runOnlyForDeploymentPostprocessing = 0;
			shellPath = /bin/sh;
			shellScript = "if [[ \"$(uname -m)\" == arm64 ]]; then\n    export PATH=\"/opt/homebrew/bin:$PATH\"\nfi\n\nif which swiftlint > /dev/null; then\n    swiftlint --fix --config .swiftlint.yml\n    swiftlint lint --strict --quiet --config .swiftlint.yml --reporter xcode\nfi\n\nif which swiftformat > /dev/null; then\n    swiftformat . --config .swiftformat\n    swiftformat --quiet --strict --lint --config .swiftformat .\nfi\n";
			showEnvVarsInLog = 0;
		};
/* End PBXShellScriptBuildPhase section */

/* Begin PBXSourcesBuildPhase section */
		059C46792D30D12400B4A15A /* Sources */ = {
			isa = PBXSourcesBuildPhase;
			buildActionMask = 2147483647;
			files = (
			);
			runOnlyForDeploymentPostprocessing = 0;
		};
		059FE8B82E336E05001BCB05 /* Sources */ = {
			isa = PBXSourcesBuildPhase;
			buildActionMask = 2147483647;
			files = (
			);
			runOnlyForDeploymentPostprocessing = 0;
		};
		3A3E58902E7A9DD3005BD5BC /* Sources */ = {
			isa = PBXSourcesBuildPhase;
			buildActionMask = 2147483647;
			files = (
			);
			runOnlyForDeploymentPostprocessing = 0;
		};
		3A3E63602E7D4CAD005BD5BC /* Sources */ = {
			isa = PBXSourcesBuildPhase;
			buildActionMask = 2147483647;
			files = (
			);
			runOnlyForDeploymentPostprocessing = 0;
		};
/* End PBXSourcesBuildPhase section */

/* Begin PBXTargetDependency section */
		05B4EFE02E3A0B080022E5DF /* PBXTargetDependency */ = {
			isa = PBXTargetDependency;
			target = 059FE8BB2E336E05001BCB05 /* PregnancyTracker */;
			targetProxy = 05B4EFDF2E3A0B080022E5DF /* PBXContainerItemProxy */;
		};
		3A3E589D2E7A9DD5005BD5BC /* PBXTargetDependency */ = {
			isa = PBXTargetDependency;
			target = 3A3E58932E7A9DD3005BD5BC /* Watch */;
			targetProxy = 3A3E589C2E7A9DD5005BD5BC /* PBXContainerItemProxy */;
		};
		3A3E636C2E7D4CAE005BD5BC /* PBXTargetDependency */ = {
			isa = PBXTargetDependency;
			target = 3A3E63632E7D4CAD005BD5BC /* Intents */;
			targetProxy = 3A3E636B2E7D4CAE005BD5BC /* PBXContainerItemProxy */;
		};
/* End PBXTargetDependency section */

/* Begin XCBuildConfiguration section */
		059C46912D30D12500B4A15A /* Debug */ = {
			isa = XCBuildConfiguration;
			buildSettings = {
				ASSETCATALOG_COMPILER_APPICON_NAME = AppIcon;
				ASSETCATALOG_COMPILER_GLOBAL_ACCENT_COLOR_NAME = AccentColor;
				CODE_SIGN_ENTITLEMENTS = MomCare/MomCare.entitlements;
				CODE_SIGN_IDENTITY = "Apple Development";
				CODE_SIGN_STYLE = Automatic;
				COMPILATION_CACHE_ENABLE_CACHING = YES;
				CURRENT_PROJECT_VERSION = 1;
				DEVELOPMENT_TEAM = "";
				ENABLE_USER_SCRIPT_SANDBOXING = NO;
				GCC_TREAT_WARNINGS_AS_ERRORS = YES;
				GENERATE_INFOPLIST_FILE = YES;
				INFOPLIST_FILE = MomCare/Info.plist;
				INFOPLIST_KEY_CFBundleDisplayName = "MomCare+";
				INFOPLIST_KEY_LSApplicationCategoryType = "public.app-category.healthcare-fitness";
				INFOPLIST_KEY_NSCalendarsFullAccessUsageDescription = "This app requires access to your calendar to manage prenatal appointments.";
				INFOPLIST_KEY_NSHealthShareUsageDescription = "App needs to sync your data with native Apple apps";
				INFOPLIST_KEY_NSHealthUpdateUsageDescription = "This app requires access to your health data to provide personalized prenatal care.";
				INFOPLIST_KEY_NSLocalNetworkUsageDescription = "This app requires access to the local network to communicate with devices.";
				INFOPLIST_KEY_NSRemindersFullAccessUsageDescription = "This app needs access to reminders to help you track your prenatal tasks.";
				INFOPLIST_KEY_UIApplicationSupportsIndirectInputEvents = YES;
				INFOPLIST_KEY_UILaunchStoryboardName = LaunchScreen.storyboard;
				INFOPLIST_KEY_UIMainStoryboardFile = Main;
				INFOPLIST_KEY_UISupportedInterfaceOrientations = UIInterfaceOrientationPortrait;
				INFOPLIST_KEY_UISupportedInterfaceOrientations_iPad = "UIInterfaceOrientationPortrait UIInterfaceOrientationPortraitUpsideDown";
				INFOPLIST_KEY_UIUserInterfaceStyle = Light;
				IPHONEOS_DEPLOYMENT_TARGET = 18.5;
				LD_RUNPATH_SEARCH_PATHS = (
					"$(inherited)",
					"@executable_path/Frameworks",
				);
				MARKETING_VERSION = 0.13;
				PRODUCT_BUNDLE_IDENTIFIER = com.Team05.MomCare;
				PRODUCT_NAME = "$(TARGET_NAME)";
				PROVISIONING_PROFILE_SPECIFIER = "";
				SUPPORTED_PLATFORMS = "iphoneos iphonesimulator";
				SUPPORTS_MACCATALYST = NO;
				SUPPORTS_MAC_DESIGNED_FOR_IPHONE_IPAD = NO;
				SUPPORTS_XR_DESIGNED_FOR_IPHONE_IPAD = NO;
				SWIFT_APPROACHABLE_CONCURRENCY = YES;
				SWIFT_EMIT_LOC_STRINGS = YES;
				SWIFT_STRICT_CONCURRENCY = complete;
				SWIFT_STRICT_MEMORY_SAFETY = NO;
				SWIFT_TREAT_WARNINGS_AS_ERRORS = YES;
				SWIFT_UPCOMING_FEATURE_CONCISE_MAGIC_FILE = YES;
				SWIFT_UPCOMING_FEATURE_DEPRECATE_APPLICATION_MAIN = YES;
				SWIFT_UPCOMING_FEATURE_DISABLE_OUTWARD_ACTOR_ISOLATION = YES;
				SWIFT_UPCOMING_FEATURE_EXISTENTIAL_ANY = YES;
				SWIFT_UPCOMING_FEATURE_FORWARD_TRAILING_CLOSURES = YES;
				SWIFT_UPCOMING_FEATURE_GLOBAL_CONCURRENCY = YES;
				SWIFT_UPCOMING_FEATURE_IMPLICIT_OPEN_EXISTENTIALS = YES;
				SWIFT_UPCOMING_FEATURE_IMPORT_OBJC_FORWARD_DECLS = YES;
				SWIFT_UPCOMING_FEATURE_INFER_SENDABLE_FROM_CAPTURES = YES;
				SWIFT_UPCOMING_FEATURE_ISOLATED_DEFAULT_VALUES = YES;
				SWIFT_UPCOMING_FEATURE_MEMBER_IMPORT_VISIBILITY = YES;
				SWIFT_UPCOMING_FEATURE_REGION_BASED_ISOLATION = YES;
				SWIFT_VERSION = 6.0;
				TARGETED_DEVICE_FAMILY = 1;
			};
			name = Debug;
		};
		059C46922D30D12500B4A15A /* Release */ = {
			isa = XCBuildConfiguration;
			buildSettings = {
				ASSETCATALOG_COMPILER_APPICON_NAME = AppIcon;
				ASSETCATALOG_COMPILER_GLOBAL_ACCENT_COLOR_NAME = AccentColor;
				CODE_SIGN_ENTITLEMENTS = MomCare/MomCare.entitlements;
				CODE_SIGN_STYLE = Automatic;
				COMPILATION_CACHE_ENABLE_CACHING = YES;
				CURRENT_PROJECT_VERSION = 1;
				DEVELOPMENT_TEAM = "";
				ENABLE_USER_SCRIPT_SANDBOXING = NO;
				GCC_TREAT_WARNINGS_AS_ERRORS = YES;
				GENERATE_INFOPLIST_FILE = YES;
				INFOPLIST_FILE = MomCare/Info.plist;
				INFOPLIST_KEY_CFBundleDisplayName = "MomCare+";
				INFOPLIST_KEY_LSApplicationCategoryType = "public.app-category.healthcare-fitness";
				INFOPLIST_KEY_NSCalendarsFullAccessUsageDescription = "This app requires access to your calendar to manage prenatal appointments.";
				INFOPLIST_KEY_NSHealthShareUsageDescription = "App needs to sync your data with native Apple apps";
				INFOPLIST_KEY_NSHealthUpdateUsageDescription = "This app requires access to your health data to provide personalized prenatal care.";
				INFOPLIST_KEY_NSLocalNetworkUsageDescription = "This app requires access to the local network to communicate with devices.";
				INFOPLIST_KEY_NSRemindersFullAccessUsageDescription = "This app needs access to reminders to help you track your prenatal tasks.";
				INFOPLIST_KEY_UIApplicationSupportsIndirectInputEvents = YES;
				INFOPLIST_KEY_UILaunchStoryboardName = LaunchScreen.storyboard;
				INFOPLIST_KEY_UIMainStoryboardFile = Main;
				INFOPLIST_KEY_UISupportedInterfaceOrientations = UIInterfaceOrientationPortrait;
				INFOPLIST_KEY_UISupportedInterfaceOrientations_iPad = "UIInterfaceOrientationPortrait UIInterfaceOrientationPortraitUpsideDown";
				INFOPLIST_KEY_UIUserInterfaceStyle = Light;
				IPHONEOS_DEPLOYMENT_TARGET = 18.5;
				LD_RUNPATH_SEARCH_PATHS = (
					"$(inherited)",
					"@executable_path/Frameworks",
				);
				MARKETING_VERSION = 0.13;
				PRODUCT_BUNDLE_IDENTIFIER = com.Team05.MomCare;
				PRODUCT_NAME = "$(TARGET_NAME)";
				SUPPORTED_PLATFORMS = "iphoneos iphonesimulator";
				SUPPORTS_MACCATALYST = NO;
				SUPPORTS_MAC_DESIGNED_FOR_IPHONE_IPAD = NO;
				SUPPORTS_XR_DESIGNED_FOR_IPHONE_IPAD = NO;
				SWIFT_APPROACHABLE_CONCURRENCY = YES;
				SWIFT_EMIT_LOC_STRINGS = YES;
				SWIFT_STRICT_CONCURRENCY = complete;
				SWIFT_STRICT_MEMORY_SAFETY = NO;
				SWIFT_TREAT_WARNINGS_AS_ERRORS = YES;
				SWIFT_UPCOMING_FEATURE_CONCISE_MAGIC_FILE = YES;
				SWIFT_UPCOMING_FEATURE_DEPRECATE_APPLICATION_MAIN = YES;
				SWIFT_UPCOMING_FEATURE_DISABLE_OUTWARD_ACTOR_ISOLATION = YES;
				SWIFT_UPCOMING_FEATURE_EXISTENTIAL_ANY = YES;
				SWIFT_UPCOMING_FEATURE_FORWARD_TRAILING_CLOSURES = YES;
				SWIFT_UPCOMING_FEATURE_GLOBAL_CONCURRENCY = YES;
				SWIFT_UPCOMING_FEATURE_IMPLICIT_OPEN_EXISTENTIALS = YES;
				SWIFT_UPCOMING_FEATURE_IMPORT_OBJC_FORWARD_DECLS = YES;
				SWIFT_UPCOMING_FEATURE_INFER_SENDABLE_FROM_CAPTURES = YES;
				SWIFT_UPCOMING_FEATURE_ISOLATED_DEFAULT_VALUES = YES;
				SWIFT_UPCOMING_FEATURE_MEMBER_IMPORT_VISIBILITY = YES;
				SWIFT_UPCOMING_FEATURE_REGION_BASED_ISOLATION = YES;
				SWIFT_VERSION = 6.0;
				TARGETED_DEVICE_FAMILY = 1;
			};
			name = Release;
		};
		059C46932D30D12500B4A15A /* Debug */ = {
			isa = XCBuildConfiguration;
			buildSettings = {
				ALWAYS_SEARCH_USER_PATHS = NO;
				ASSETCATALOG_COMPILER_GENERATE_SWIFT_ASSET_SYMBOL_EXTENSIONS = YES;
				CLANG_ANALYZER_NONNULL = YES;
				CLANG_ANALYZER_NUMBER_OBJECT_CONVERSION = YES_AGGRESSIVE;
				CLANG_CXX_LANGUAGE_STANDARD = "gnu++20";
				CLANG_ENABLE_MODULES = YES;
				CLANG_ENABLE_OBJC_ARC = YES;
				CLANG_ENABLE_OBJC_WEAK = YES;
				CLANG_WARN_BLOCK_CAPTURE_AUTORELEASING = YES;
				CLANG_WARN_BOOL_CONVERSION = YES;
				CLANG_WARN_COMMA = YES;
				CLANG_WARN_CONSTANT_CONVERSION = YES;
				CLANG_WARN_DEPRECATED_OBJC_IMPLEMENTATIONS = YES;
				CLANG_WARN_DIRECT_OBJC_ISA_USAGE = YES_ERROR;
				CLANG_WARN_DOCUMENTATION_COMMENTS = YES;
				CLANG_WARN_EMPTY_BODY = YES;
				CLANG_WARN_ENUM_CONVERSION = YES;
				CLANG_WARN_INFINITE_RECURSION = YES;
				CLANG_WARN_INT_CONVERSION = YES;
				CLANG_WARN_NON_LITERAL_NULL_CONVERSION = YES;
				CLANG_WARN_OBJC_IMPLICIT_RETAIN_SELF = YES;
				CLANG_WARN_OBJC_LITERAL_CONVERSION = YES;
				CLANG_WARN_OBJC_ROOT_CLASS = YES_ERROR;
				CLANG_WARN_QUOTED_INCLUDE_IN_FRAMEWORK_HEADER = YES;
				CLANG_WARN_RANGE_LOOP_ANALYSIS = YES;
				CLANG_WARN_STRICT_PROTOTYPES = YES;
				CLANG_WARN_SUSPICIOUS_MOVE = YES;
				CLANG_WARN_UNGUARDED_AVAILABILITY = YES_AGGRESSIVE;
				CLANG_WARN_UNREACHABLE_CODE = YES;
				CLANG_WARN__DUPLICATE_METHOD_MATCH = YES;
				COPY_PHASE_STRIP = NO;
				DEBUG_INFORMATION_FORMAT = dwarf;
				DEVELOPMENT_TEAM = 73B8W4ZN6V;
				ENABLE_STRICT_OBJC_MSGSEND = YES;
				ENABLE_TESTABILITY = YES;
				ENABLE_USER_SCRIPT_SANDBOXING = YES;
				GCC_C_LANGUAGE_STANDARD = gnu17;
				GCC_DYNAMIC_NO_PIC = NO;
				GCC_NO_COMMON_BLOCKS = YES;
				GCC_OPTIMIZATION_LEVEL = 0;
				GCC_PREPROCESSOR_DEFINITIONS = (
					"DEBUG=1",
					"$(inherited)",
				);
				GCC_TREAT_WARNINGS_AS_ERRORS = YES;
				GCC_WARN_64_TO_32_BIT_CONVERSION = YES;
				GCC_WARN_ABOUT_RETURN_TYPE = YES_ERROR;
				GCC_WARN_UNDECLARED_SELECTOR = YES;
				GCC_WARN_UNINITIALIZED_AUTOS = YES_AGGRESSIVE;
				GCC_WARN_UNUSED_FUNCTION = YES;
				GCC_WARN_UNUSED_VARIABLE = YES;
				IPHONEOS_DEPLOYMENT_TARGET = 18.1;
				LOCALIZATION_PREFERS_STRING_CATALOGS = YES;
				MTL_ENABLE_DEBUG_INFO = INCLUDE_SOURCE;
				MTL_FAST_MATH = YES;
				ONLY_ACTIVE_ARCH = YES;
				SDKROOT = iphoneos;
				STRING_CATALOG_GENERATE_SYMBOLS = YES;
				SWIFT_ACTIVE_COMPILATION_CONDITIONS = "DEBUG $(inherited)";
				SWIFT_APPROACHABLE_CONCURRENCY = YES;
				SWIFT_OPTIMIZATION_LEVEL = "-Onone";
				SWIFT_STRICT_CONCURRENCY = complete;
				SWIFT_TREAT_WARNINGS_AS_ERRORS = YES;
				SWIFT_UPCOMING_FEATURE_CONCISE_MAGIC_FILE = YES;
				SWIFT_UPCOMING_FEATURE_DEPRECATE_APPLICATION_MAIN = YES;
				SWIFT_UPCOMING_FEATURE_DISABLE_OUTWARD_ACTOR_ISOLATION = YES;
				SWIFT_UPCOMING_FEATURE_DYNAMIC_ACTOR_ISOLATION = YES;
				SWIFT_UPCOMING_FEATURE_EXISTENTIAL_ANY = YES;
				SWIFT_UPCOMING_FEATURE_FORWARD_TRAILING_CLOSURES = YES;
				SWIFT_UPCOMING_FEATURE_GLOBAL_CONCURRENCY = YES;
				SWIFT_UPCOMING_FEATURE_IMPLICIT_OPEN_EXISTENTIALS = YES;
				SWIFT_UPCOMING_FEATURE_IMPORT_OBJC_FORWARD_DECLS = YES;
				SWIFT_UPCOMING_FEATURE_INFER_SENDABLE_FROM_CAPTURES = YES;
				SWIFT_UPCOMING_FEATURE_INTERNAL_IMPORTS_BY_DEFAULT = YES;
				SWIFT_UPCOMING_FEATURE_ISOLATED_DEFAULT_VALUES = YES;
				SWIFT_UPCOMING_FEATURE_MEMBER_IMPORT_VISIBILITY = YES;
				SWIFT_UPCOMING_FEATURE_REGION_BASED_ISOLATION = YES;
				SWIFT_VERSION = 6.0;
			};
			name = Debug;
		};
		059C46942D30D12500B4A15A /* Release */ = {
			isa = XCBuildConfiguration;
			buildSettings = {
				ALWAYS_SEARCH_USER_PATHS = NO;
				ASSETCATALOG_COMPILER_GENERATE_SWIFT_ASSET_SYMBOL_EXTENSIONS = YES;
				CLANG_ANALYZER_NONNULL = YES;
				CLANG_ANALYZER_NUMBER_OBJECT_CONVERSION = YES_AGGRESSIVE;
				CLANG_CXX_LANGUAGE_STANDARD = "gnu++20";
				CLANG_ENABLE_MODULES = YES;
				CLANG_ENABLE_OBJC_ARC = YES;
				CLANG_ENABLE_OBJC_WEAK = YES;
				CLANG_WARN_BLOCK_CAPTURE_AUTORELEASING = YES;
				CLANG_WARN_BOOL_CONVERSION = YES;
				CLANG_WARN_COMMA = YES;
				CLANG_WARN_CONSTANT_CONVERSION = YES;
				CLANG_WARN_DEPRECATED_OBJC_IMPLEMENTATIONS = YES;
				CLANG_WARN_DIRECT_OBJC_ISA_USAGE = YES_ERROR;
				CLANG_WARN_DOCUMENTATION_COMMENTS = YES;
				CLANG_WARN_EMPTY_BODY = YES;
				CLANG_WARN_ENUM_CONVERSION = YES;
				CLANG_WARN_INFINITE_RECURSION = YES;
				CLANG_WARN_INT_CONVERSION = YES;
				CLANG_WARN_NON_LITERAL_NULL_CONVERSION = YES;
				CLANG_WARN_OBJC_IMPLICIT_RETAIN_SELF = YES;
				CLANG_WARN_OBJC_LITERAL_CONVERSION = YES;
				CLANG_WARN_OBJC_ROOT_CLASS = YES_ERROR;
				CLANG_WARN_QUOTED_INCLUDE_IN_FRAMEWORK_HEADER = YES;
				CLANG_WARN_RANGE_LOOP_ANALYSIS = YES;
				CLANG_WARN_STRICT_PROTOTYPES = YES;
				CLANG_WARN_SUSPICIOUS_MOVE = YES;
				CLANG_WARN_UNGUARDED_AVAILABILITY = YES_AGGRESSIVE;
				CLANG_WARN_UNREACHABLE_CODE = YES;
				CLANG_WARN__DUPLICATE_METHOD_MATCH = YES;
				COPY_PHASE_STRIP = NO;
				DEBUG_INFORMATION_FORMAT = "dwarf-with-dsym";
				DEVELOPMENT_TEAM = 73B8W4ZN6V;
				ENABLE_NS_ASSERTIONS = NO;
				ENABLE_STRICT_OBJC_MSGSEND = YES;
				ENABLE_USER_SCRIPT_SANDBOXING = YES;
				GCC_C_LANGUAGE_STANDARD = gnu17;
				GCC_NO_COMMON_BLOCKS = YES;
				GCC_TREAT_WARNINGS_AS_ERRORS = YES;
				GCC_WARN_64_TO_32_BIT_CONVERSION = YES;
				GCC_WARN_ABOUT_RETURN_TYPE = YES_ERROR;
				GCC_WARN_UNDECLARED_SELECTOR = YES;
				GCC_WARN_UNINITIALIZED_AUTOS = YES_AGGRESSIVE;
				GCC_WARN_UNUSED_FUNCTION = YES;
				GCC_WARN_UNUSED_VARIABLE = YES;
				IPHONEOS_DEPLOYMENT_TARGET = 18.1;
				LOCALIZATION_PREFERS_STRING_CATALOGS = YES;
				MTL_ENABLE_DEBUG_INFO = NO;
				MTL_FAST_MATH = YES;
				SDKROOT = iphoneos;
				STRING_CATALOG_GENERATE_SYMBOLS = YES;
				SWIFT_APPROACHABLE_CONCURRENCY = YES;
				SWIFT_COMPILATION_MODE = wholemodule;
				SWIFT_STRICT_CONCURRENCY = complete;
				SWIFT_TREAT_WARNINGS_AS_ERRORS = YES;
				SWIFT_UPCOMING_FEATURE_CONCISE_MAGIC_FILE = YES;
				SWIFT_UPCOMING_FEATURE_DEPRECATE_APPLICATION_MAIN = YES;
				SWIFT_UPCOMING_FEATURE_DISABLE_OUTWARD_ACTOR_ISOLATION = YES;
				SWIFT_UPCOMING_FEATURE_DYNAMIC_ACTOR_ISOLATION = YES;
				SWIFT_UPCOMING_FEATURE_EXISTENTIAL_ANY = YES;
				SWIFT_UPCOMING_FEATURE_FORWARD_TRAILING_CLOSURES = YES;
				SWIFT_UPCOMING_FEATURE_GLOBAL_CONCURRENCY = YES;
				SWIFT_UPCOMING_FEATURE_IMPLICIT_OPEN_EXISTENTIALS = YES;
				SWIFT_UPCOMING_FEATURE_IMPORT_OBJC_FORWARD_DECLS = YES;
				SWIFT_UPCOMING_FEATURE_INFER_SENDABLE_FROM_CAPTURES = YES;
				SWIFT_UPCOMING_FEATURE_INTERNAL_IMPORTS_BY_DEFAULT = YES;
				SWIFT_UPCOMING_FEATURE_ISOLATED_DEFAULT_VALUES = YES;
				SWIFT_UPCOMING_FEATURE_MEMBER_IMPORT_VISIBILITY = YES;
				SWIFT_UPCOMING_FEATURE_REGION_BASED_ISOLATION = YES;
				SWIFT_VERSION = 6.0;
				VALIDATE_PRODUCT = YES;
			};
			name = Release;
		};
		059FE8CD2E336E07001BCB05 /* Debug */ = {
			isa = XCBuildConfiguration;
			buildSettings = {
				ASSETCATALOG_COMPILER_GLOBAL_ACCENT_COLOR_NAME = AccentColor;
				ASSETCATALOG_COMPILER_WIDGET_BACKGROUND_COLOR_NAME = WidgetBackground;
				CODE_SIGN_ENTITLEMENTS = "MomCare+PregnancyTracker/PregnancyTracker.entitlements";
				CODE_SIGN_IDENTITY = "Apple Development";
				CODE_SIGN_STYLE = Automatic;
				CURRENT_PROJECT_VERSION = 1;
				DEVELOPMENT_TEAM = "";
				GENERATE_INFOPLIST_FILE = YES;
				INFOPLIST_FILE = "MomCare+PregnancyTracker/Info.plist";
				INFOPLIST_KEY_CFBundleDisplayName = "Pregnancy Tracker";
				INFOPLIST_KEY_NSHumanReadableCopyright = "";
				INFOPLIST_KEY_NSSupportsLiveActivities = YES;
				IPHONEOS_DEPLOYMENT_TARGET = 18.5;
				LD_RUNPATH_SEARCH_PATHS = (
					"$(inherited)",
					"@executable_path/Frameworks",
					"@executable_path/../../Frameworks",
				);
				MARKETING_VERSION = 0.13;
				PRODUCT_BUNDLE_IDENTIFIER = com.Team05.MomCare.PregnancyTracker;
				PRODUCT_NAME = "$(TARGET_NAME)";
				SKIP_INSTALL = YES;
				SUPPORTED_PLATFORMS = "iphoneos iphonesimulator";
				SUPPORTS_MACCATALYST = NO;
				SUPPORTS_MAC_DESIGNED_FOR_IPHONE_IPAD = NO;
				SUPPORTS_XR_DESIGNED_FOR_IPHONE_IPAD = NO;
				SWIFT_APPROACHABLE_CONCURRENCY = YES;
				SWIFT_EMIT_LOC_STRINGS = YES;
				SWIFT_UPCOMING_FEATURE_INFER_ISOLATED_CONFORMANCES = YES;
				SWIFT_UPCOMING_FEATURE_MEMBER_IMPORT_VISIBILITY = YES;
				SWIFT_UPCOMING_FEATURE_NONISOLATED_NONSENDING_BY_DEFAULT = YES;
				SWIFT_VERSION = 6.0;
				TARGETED_DEVICE_FAMILY = 1;
			};
			name = Debug;
		};
		059FE8CE2E336E07001BCB05 /* Release */ = {
			isa = XCBuildConfiguration;
			buildSettings = {
				ASSETCATALOG_COMPILER_GLOBAL_ACCENT_COLOR_NAME = AccentColor;
				ASSETCATALOG_COMPILER_WIDGET_BACKGROUND_COLOR_NAME = WidgetBackground;
				CODE_SIGN_ENTITLEMENTS = "MomCare+PregnancyTracker/PregnancyTracker.entitlements";
				CODE_SIGN_STYLE = Automatic;
				CURRENT_PROJECT_VERSION = 1;
				DEVELOPMENT_TEAM = "";
				GENERATE_INFOPLIST_FILE = YES;
				INFOPLIST_FILE = "MomCare+PregnancyTracker/Info.plist";
				INFOPLIST_KEY_CFBundleDisplayName = "Pregnancy Tracker";
				INFOPLIST_KEY_NSHumanReadableCopyright = "";
				INFOPLIST_KEY_NSSupportsLiveActivities = YES;
				IPHONEOS_DEPLOYMENT_TARGET = 18.5;
				LD_RUNPATH_SEARCH_PATHS = (
					"$(inherited)",
					"@executable_path/Frameworks",
					"@executable_path/../../Frameworks",
				);
				MARKETING_VERSION = 0.13;
				PRODUCT_BUNDLE_IDENTIFIER = com.Team05.MomCare.PregnancyTracker;
				PRODUCT_NAME = "$(TARGET_NAME)";
				SKIP_INSTALL = YES;
				SUPPORTED_PLATFORMS = "iphoneos iphonesimulator";
				SUPPORTS_MACCATALYST = NO;
				SUPPORTS_MAC_DESIGNED_FOR_IPHONE_IPAD = NO;
				SUPPORTS_XR_DESIGNED_FOR_IPHONE_IPAD = NO;
				SWIFT_APPROACHABLE_CONCURRENCY = YES;
				SWIFT_EMIT_LOC_STRINGS = YES;
				SWIFT_UPCOMING_FEATURE_INFER_ISOLATED_CONFORMANCES = YES;
				SWIFT_UPCOMING_FEATURE_MEMBER_IMPORT_VISIBILITY = YES;
				SWIFT_UPCOMING_FEATURE_NONISOLATED_NONSENDING_BY_DEFAULT = YES;
				SWIFT_VERSION = 6.0;
				TARGETED_DEVICE_FAMILY = 1;
			};
			name = Release;
		};
		3A3E58A02E7A9DD5005BD5BC /* Debug */ = {
			isa = XCBuildConfiguration;
			buildSettings = {
				ASSETCATALOG_COMPILER_APPICON_NAME = AppIcon;
				ASSETCATALOG_COMPILER_GLOBAL_ACCENT_COLOR_NAME = AccentColor;
				CODE_SIGN_ENTITLEMENTS = "MomCare+Watch/Watch.entitlements";
				CODE_SIGN_IDENTITY = "Apple Development";
				CODE_SIGN_STYLE = Automatic;
				CURRENT_PROJECT_VERSION = 1;
				DEVELOPMENT_TEAM = "";
				ENABLE_PREVIEWS = YES;
				GENERATE_INFOPLIST_FILE = YES;
				INFOPLIST_KEY_CFBundleDisplayName = "MomCare+ Watch";
				INFOPLIST_KEY_UISupportedInterfaceOrientations = "UIInterfaceOrientationPortrait UIInterfaceOrientationPortraitUpsideDown";
				INFOPLIST_KEY_WKCompanionAppBundleIdentifier = com.Team05.MomCare;
				INFOPLIST_KEY_WKRunsIndependentlyOfCompanionApp = YES;
				LD_RUNPATH_SEARCH_PATHS = (
					"$(inherited)",
					"@executable_path/Frameworks",
				);
				MARKETING_VERSION = 0.13;
				PRODUCT_BUNDLE_IDENTIFIER = com.Team05.MomCare.watchkitapp;
				PRODUCT_NAME = "$(TARGET_NAME)";
				SDKROOT = watchos;
				SKIP_INSTALL = YES;
				SWIFT_APPROACHABLE_CONCURRENCY = YES;
				SWIFT_EMIT_LOC_STRINGS = YES;
				SWIFT_UPCOMING_FEATURE_INFER_ISOLATED_CONFORMANCES = YES;
				SWIFT_UPCOMING_FEATURE_MEMBER_IMPORT_VISIBILITY = YES;
				SWIFT_UPCOMING_FEATURE_NONISOLATED_NONSENDING_BY_DEFAULT = YES;
				SWIFT_VERSION = 6.0;
				TARGETED_DEVICE_FAMILY = 4;
				WATCHOS_DEPLOYMENT_TARGET = 11.2;
			};
			name = Debug;
		};
		3A3E58A12E7A9DD5005BD5BC /* Release */ = {
			isa = XCBuildConfiguration;
			buildSettings = {
				ASSETCATALOG_COMPILER_APPICON_NAME = AppIcon;
				ASSETCATALOG_COMPILER_GLOBAL_ACCENT_COLOR_NAME = AccentColor;
				CODE_SIGN_ENTITLEMENTS = "MomCare+Watch/Watch.entitlements";
				CODE_SIGN_STYLE = Automatic;
				CURRENT_PROJECT_VERSION = 1;
				DEVELOPMENT_TEAM = "";
				ENABLE_PREVIEWS = YES;
				GENERATE_INFOPLIST_FILE = YES;
				INFOPLIST_KEY_CFBundleDisplayName = "MomCare+ Watch";
				INFOPLIST_KEY_UISupportedInterfaceOrientations = "UIInterfaceOrientationPortrait UIInterfaceOrientationPortraitUpsideDown";
				INFOPLIST_KEY_WKCompanionAppBundleIdentifier = com.Team05.MomCare;
				INFOPLIST_KEY_WKRunsIndependentlyOfCompanionApp = YES;
				LD_RUNPATH_SEARCH_PATHS = (
					"$(inherited)",
					"@executable_path/Frameworks",
				);
				MARKETING_VERSION = 0.13;
				PRODUCT_BUNDLE_IDENTIFIER = com.Team05.MomCare.watchkitapp;
				PRODUCT_NAME = "$(TARGET_NAME)";
				SDKROOT = watchos;
				SKIP_INSTALL = YES;
				SWIFT_APPROACHABLE_CONCURRENCY = YES;
				SWIFT_EMIT_LOC_STRINGS = YES;
				SWIFT_UPCOMING_FEATURE_INFER_ISOLATED_CONFORMANCES = YES;
				SWIFT_UPCOMING_FEATURE_MEMBER_IMPORT_VISIBILITY = YES;
				SWIFT_UPCOMING_FEATURE_NONISOLATED_NONSENDING_BY_DEFAULT = YES;
				SWIFT_VERSION = 6.0;
				TARGETED_DEVICE_FAMILY = 4;
				WATCHOS_DEPLOYMENT_TARGET = 11.2;
			};
			name = Release;
		};
		3A3E636F2E7D4CAE005BD5BC /* Debug */ = {
			isa = XCBuildConfiguration;
			buildSettings = {
				CODE_SIGN_ENTITLEMENTS = "MomCare+Intents/Intents.entitlements";
				CODE_SIGN_IDENTITY = "Apple Development";
				CODE_SIGN_STYLE = Automatic;
				CURRENT_PROJECT_VERSION = 1;
				DEVELOPMENT_TEAM = "";
				GENERATE_INFOPLIST_FILE = YES;
				INFOPLIST_FILE = "MomCare+Intents/Info.plist";
				INFOPLIST_KEY_CFBundleDisplayName = Intents;
				INFOPLIST_KEY_NSHumanReadableCopyright = "";
				IPHONEOS_DEPLOYMENT_TARGET = 18.5;
				LD_RUNPATH_SEARCH_PATHS = (
					"$(inherited)",
					"@executable_path/Frameworks",
					"@executable_path/../../Frameworks",
				);
				MARKETING_VERSION = 0.13;
				PRODUCT_BUNDLE_IDENTIFIER = com.Team05.MomCare.Intents;
				PRODUCT_NAME = "$(TARGET_NAME)";
				SKIP_INSTALL = YES;
				SUPPORTED_PLATFORMS = "iphoneos iphonesimulator";
				SUPPORTS_MACCATALYST = NO;
				SUPPORTS_MAC_DESIGNED_FOR_IPHONE_IPAD = NO;
				SUPPORTS_XR_DESIGNED_FOR_IPHONE_IPAD = NO;
				SWIFT_APPROACHABLE_CONCURRENCY = YES;
				SWIFT_EMIT_LOC_STRINGS = YES;
				SWIFT_UPCOMING_FEATURE_DYNAMIC_ACTOR_ISOLATION = YES;
				SWIFT_UPCOMING_FEATURE_GLOBAL_ACTOR_ISOLATED_TYPES_USABILITY = YES;
				SWIFT_UPCOMING_FEATURE_INFER_ISOLATED_CONFORMANCES = YES;
				SWIFT_UPCOMING_FEATURE_MEMBER_IMPORT_VISIBILITY = YES;
				SWIFT_UPCOMING_FEATURE_NONFROZEN_ENUM_EXHAUSTIVITY = YES;
				SWIFT_UPCOMING_FEATURE_NONISOLATED_NONSENDING_BY_DEFAULT = YES;
				SWIFT_VERSION = 6.0;
				TARGETED_DEVICE_FAMILY = 1;
			};
			name = Debug;
		};
		3A3E63702E7D4CAE005BD5BC /* Release */ = {
			isa = XCBuildConfiguration;
			buildSettings = {
				CODE_SIGN_ENTITLEMENTS = "MomCare+Intents/Intents.entitlements";
				CODE_SIGN_STYLE = Automatic;
				CURRENT_PROJECT_VERSION = 1;
				DEVELOPMENT_TEAM = "";
				GENERATE_INFOPLIST_FILE = YES;
				INFOPLIST_FILE = "MomCare+Intents/Info.plist";
				INFOPLIST_KEY_CFBundleDisplayName = Intents;
				INFOPLIST_KEY_NSHumanReadableCopyright = "";
				IPHONEOS_DEPLOYMENT_TARGET = 18.5;
				LD_RUNPATH_SEARCH_PATHS = (
					"$(inherited)",
					"@executable_path/Frameworks",
					"@executable_path/../../Frameworks",
				);
				MARKETING_VERSION = 0.13;
				PRODUCT_BUNDLE_IDENTIFIER = com.Team05.MomCare.Intents;
				PRODUCT_NAME = "$(TARGET_NAME)";
				SKIP_INSTALL = YES;
				SUPPORTED_PLATFORMS = "iphoneos iphonesimulator";
				SUPPORTS_MACCATALYST = NO;
				SUPPORTS_MAC_DESIGNED_FOR_IPHONE_IPAD = NO;
				SUPPORTS_XR_DESIGNED_FOR_IPHONE_IPAD = NO;
				SWIFT_APPROACHABLE_CONCURRENCY = YES;
				SWIFT_EMIT_LOC_STRINGS = YES;
				SWIFT_UPCOMING_FEATURE_DYNAMIC_ACTOR_ISOLATION = YES;
				SWIFT_UPCOMING_FEATURE_GLOBAL_ACTOR_ISOLATED_TYPES_USABILITY = YES;
				SWIFT_UPCOMING_FEATURE_INFER_ISOLATED_CONFORMANCES = YES;
				SWIFT_UPCOMING_FEATURE_MEMBER_IMPORT_VISIBILITY = YES;
				SWIFT_UPCOMING_FEATURE_NONFROZEN_ENUM_EXHAUSTIVITY = YES;
				SWIFT_UPCOMING_FEATURE_NONISOLATED_NONSENDING_BY_DEFAULT = YES;
				SWIFT_VERSION = 6.0;
				TARGETED_DEVICE_FAMILY = 1;
			};
			name = Release;
		};
/* End XCBuildConfiguration section */

/* Begin XCConfigurationList section */
		059C46782D30D12400B4A15A /* Build configuration list for PBXProject "MomCare" */ = {
			isa = XCConfigurationList;
			buildConfigurations = (
				059C46932D30D12500B4A15A /* Debug */,
				059C46942D30D12500B4A15A /* Release */,
			);
			defaultConfigurationIsVisible = 0;
			defaultConfigurationName = Release;
		};
		059C46902D30D12500B4A15A /* Build configuration list for PBXNativeTarget "MomCare" */ = {
			isa = XCConfigurationList;
			buildConfigurations = (
				059C46912D30D12500B4A15A /* Debug */,
				059C46922D30D12500B4A15A /* Release */,
			);
			defaultConfigurationIsVisible = 0;
			defaultConfigurationName = Release;
		};
		059FE8CC2E336E07001BCB05 /* Build configuration list for PBXNativeTarget "PregnancyTracker" */ = {
			isa = XCConfigurationList;
			buildConfigurations = (
				059FE8CD2E336E07001BCB05 /* Debug */,
				059FE8CE2E336E07001BCB05 /* Release */,
			);
			defaultConfigurationIsVisible = 0;
			defaultConfigurationName = Release;
		};
		3A3E589F2E7A9DD5005BD5BC /* Build configuration list for PBXNativeTarget "Watch" */ = {
			isa = XCConfigurationList;
			buildConfigurations = (
				3A3E58A02E7A9DD5005BD5BC /* Debug */,
				3A3E58A12E7A9DD5005BD5BC /* Release */,
			);
			defaultConfigurationIsVisible = 0;
			defaultConfigurationName = Release;
		};
		3A3E636E2E7D4CAE005BD5BC /* Build configuration list for PBXNativeTarget "Intents" */ = {
			isa = XCConfigurationList;
			buildConfigurations = (
				3A3E636F2E7D4CAE005BD5BC /* Debug */,
				3A3E63702E7D4CAE005BD5BC /* Release */,
			);
			defaultConfigurationIsVisible = 0;
			defaultConfigurationName = Release;
		};
/* End XCConfigurationList section */

/* Begin XCRemoteSwiftPackageReference section */
		053290F22D40AEC000295E58 /* XCRemoteSwiftPackageReference "FSCalendar" */ = {
			isa = XCRemoteSwiftPackageReference;
			repositoryURL = "https://github.com/WenchaoD/FSCalendar";
			requirement = {
				kind = upToNextMajorVersion;
				minimumVersion = 2.8.4;
			};
		};
		F5AF1ECD2DE91021008B14F1 /* XCRemoteSwiftPackageReference "realm-swift" */ = {
			isa = XCRemoteSwiftPackageReference;
			repositoryURL = "https://github.com/realm/realm-swift";
			requirement = {
				branch = master;
				kind = branch;
			};
		};
		F5F1D6102D739C6A00F65BA7 /* XCRemoteSwiftPackageReference "LNPopupController" */ = {
			isa = XCRemoteSwiftPackageReference;
			repositoryURL = "https://github.com/LeoNatan/LNPopupController.git";
			requirement = {
				branch = master;
				kind = branch;
			};
		};
/* End XCRemoteSwiftPackageReference section */

/* Begin XCSwiftPackageProductDependency section */
		053290F32D40AEC000295E58 /* FSCalendar */ = {
			isa = XCSwiftPackageProductDependency;
			package = 053290F22D40AEC000295E58 /* XCRemoteSwiftPackageReference "FSCalendar" */;
			productName = FSCalendar;
		};
		059FE8F32E33838C001BCB05 /* RealmSwift */ = {
			isa = XCSwiftPackageProductDependency;
			package = F5AF1ECD2DE91021008B14F1 /* XCRemoteSwiftPackageReference "realm-swift" */;
			productName = RealmSwift;
		};
		3A3E58CC2E7B2AF9005BD5BC /* RealmSwift */ = {
			isa = XCSwiftPackageProductDependency;
			package = F5AF1ECD2DE91021008B14F1 /* XCRemoteSwiftPackageReference "realm-swift" */;
			productName = RealmSwift;
		};
		3A3E637B2E7D5059005BD5BC /* RealmSwift */ = {
			isa = XCSwiftPackageProductDependency;
			package = F5AF1ECD2DE91021008B14F1 /* XCRemoteSwiftPackageReference "realm-swift" */;
			productName = RealmSwift;
		};
		F59454F32DEDACAA00002917 /* RealmSwift */ = {
			isa = XCSwiftPackageProductDependency;
			package = F5AF1ECD2DE91021008B14F1 /* XCRemoteSwiftPackageReference "realm-swift" */;
			productName = RealmSwift;
		};
		F5F1D6112D739C6A00F65BA7 /* LNPopupController */ = {
			isa = XCSwiftPackageProductDependency;
			package = F5F1D6102D739C6A00F65BA7 /* XCRemoteSwiftPackageReference "LNPopupController" */;
			productName = LNPopupController;
		};
/* End XCSwiftPackageProductDependency section */
	};
	rootObject = 059C46752D30D12400B4A15A /* Project object */;
}
