{
  "originHash" : "a96a186539b31893eec12f8d823e37afd58506c82511e856a210e4e9d8202589",
  "pins" : [
    {
      "identity" : "app-check",
      "kind" : "remoteSourceControl",
      "location" : "https://github.com/google/app-check.git",
      "state" : {
        "revision" : "61b85103a1aeed8218f17c794687781505fbbef5",
        "version" : "11.2.0"
      }
    },
    {
      "identity" : "appauth-ios",
      "kind" : "remoteSourceControl",
      "location" : "https://github.com/openid/AppAuth-iOS.git",
      "state" : {
        "revision" : "145104f5ea9d58ae21b60add007c33c1cc0c948e",
        "version" : "2.0.0"
      }
    },
    {
      "identity" : "fscalendar",
      "kind" : "remoteSourceControl",
      "location" : "https://github.com/WenchaoD/FSCalendar",
      "state" : {
        "branch" : "master",
        "revision" : "df53e79c324ea5f9e3dcb03b35b2b324de901205"
      }
    },
    {
      "identity" : "googlesignin-ios",
      "kind" : "remoteSourceControl",
      "location" : "https://github.com/google/GoogleSignIn-iOS",
      "state" : {
        "branch" : "main",
        "revision" : "31bdbf80849afae7d4fad81b70881e5264879272"
      }
    },
    {
      "identity" : "googleutilities",
      "kind" : "remoteSourceControl",
      "location" : "https://github.com/google/GoogleUtilities.git",
      "state" : {
        "revision" : "60da361632d0de02786f709bdc0c4df340f7613e",
        "version" : "8.1.0"
      }
    },
    {
      "identity" : "gtm-session-fetcher",
      "kind" : "remoteSourceControl",
      "location" : "https://github.com/google/gtm-session-fetcher.git",
      "state" : {
        "revision" : "a2ab612cb980066ee56d90d60d8462992c07f24b",
        "version" : "3.5.0"
      }
    },
    {
      "identity" : "gtmappauth",
      "kind" : "remoteSourceControl",
      "location" : "https://github.com/google/GTMAppAuth.git",
      "state" : {
        "revision" : "56e0ccf09a6dd29dc7e68bdf729598240ca8aa16",
        "version" : "5.0.0"
      }
    },
    {
      "identity" : "lnpopupcontroller",
      "kind" : "remoteSourceControl",
      "location" : "https://github.com/LeoNatan/LNPopupController.git",
      "state" : {
        "revision" : "6f4bfa89a32cc7254599869b4bca8d2638e74671",
        "version" : "4.4.1"
      }
    },
    {
      "identity" : "lnpopupui",
      "kind" : "remoteSourceControl",
      "location" : "https://github.com/LeoNatan/LNPopupUI",
      "state" : {
        "branch" : "master",
        "revision" : "715bf763ae4afcc4c1a9e3d720784713d6c58ac6"
      }
    },
    {
      "identity" : "lnswiftuiutils",
      "kind" : "remoteSourceControl",
      "location" : "https://github.com/LeoNatan/LNSwiftUIUtils.git",
      "state" : {
        "revision" : "181a95b992f84d99a14c562c86e8ebef3cbcdca9",
        "version" : "1.1.5"
      }
    },
    {
      "identity" : "promises",
      "kind" : "remoteSourceControl",
      "location" : "https://github.com/google/promises.git",
      "state" : {
        "revision" : "540318ecedd63d883069ae7f1ed811a2df00b6ac",
        "version" : "2.4.0"
      }
    }
  ],
  "version" : 3
}
